
Microsoft Visual Studio Solution File, Format Version 12.00
# Visual Studio 15
VisualStudioVersion = 15.0.26730.12
MinimumVisualStudioVersion = 10.0.40219.1
Project("{9A19103F-16F7-4668-BE54-9A1E7A4F7556}") = "Launcher", "Launcher\Launcher.csproj", "{CB065286-175C-45FF-9074-23FA6F55FA00}"
EndProject
Project("{9A19103F-16F7-4668-BE54-9A1E7A4F7556}") = "API", "API\API.csproj", "{1E05931D-2287-4474-8D51-26709AE06D42}"
EndProject
Project("{9A19103F-16F7-4668-BE54-9A1E7A4F7556}") = "NXLDownloader", "NXLDownloader\NXLDownloader.csproj", "{6CD553E1-CA4A-4F66-885C-A929F563DC04}"
EndProject
Project("{FAE04EC0-301F-11D3-BF4B-00C04F79EFBC}") = "NXLIPC", "NXLIPC\NXLIPC.csproj", "{9AE2E5F9-0034-4700-9773-8772D70AA837}"
EndProject
Project("{FAE04EC0-301F-11D3-BF4B-00C04F79EFBC}") = "nexon_runtime", "nexon_runtime\nexon_runtime.csproj", "{BF26886E-3AF8-4C51-BC23-C5C5BE6489C7}"
EndProject
Global
	GlobalSection(SolutionConfigurationPlatforms) = preSolution
		Debug|Any CPU = Debug|Any CPU
		Release|Any CPU = Release|Any CPU
	EndGlobalSection
	GlobalSection(ProjectConfigurationPlatforms) = postSolution
		{CB065286-175C-45FF-9074-23FA6F55FA00}.Debug|Any CPU.ActiveCfg = Debug|Any CPU
		{CB065286-175C-45FF-9074-23FA6F55FA00}.Debug|Any CPU.Build.0 = Debug|Any CPU
		{CB065286-175C-45FF-9074-23FA6F55FA00}.Release|Any CPU.ActiveCfg = Release|Any CPU
		{CB065286-175C-45FF-9074-23FA6F55FA00}.Release|Any CPU.Build.0 = Release|Any CPU
		{1E05931D-2287-4474-8D51-26709AE06D42}.Debug|Any CPU.ActiveCfg = Debug|Any CPU
		{1E05931D-2287-4474-8D51-26709AE06D42}.Debug|Any CPU.Build.0 = Debug|Any CPU
		{1E05931D-2287-4474-8D51-26709AE06D42}.Release|Any CPU.ActiveCfg = Release|Any CPU
		{1E05931D-2287-4474-8D51-26709AE06D42}.Release|Any CPU.Build.0 = Release|Any CPU
		{6CD553E1-CA4A-4F66-885C-A929F563DC04}.Debug|Any CPU.ActiveCfg = Debug|Any CPU
		{6CD553E1-CA4A-4F66-885C-A929F563DC04}.Debug|Any CPU.Build.0 = Debug|Any CPU
		{6CD553E1-CA4A-4F66-885C-A929F563DC04}.Release|Any CPU.ActiveCfg = Release|Any CPU
		{6CD553E1-CA4A-4F66-885C-A929F563DC04}.Release|Any CPU.Build.0 = Release|Any CPU
		{9AE2E5F9-0034-4700-9773-8772D70AA837}.Debug|Any CPU.ActiveCfg = Debug|Any CPU
		{9AE2E5F9-0034-4700-9773-8772D70AA837}.Debug|Any CPU.Build.0 = Debug|Any CPU
		{9AE2E5F9-0034-4700-9773-8772D70AA837}.Release|Any CPU.ActiveCfg = Release|Any CPU
		{9AE2E5F9-0034-4700-9773-8772D70AA837}.Release|Any CPU.Build.0 = Release|Any CPU
		{BF26886E-3AF8-4C51-BC23-C5C5BE6489C7}.Debug|Any CPU.ActiveCfg = Debug|Any CPU
		{BF26886E-3AF8-4C51-BC23-C5C5BE6489C7}.Debug|Any CPU.Build.0 = Debug|Any CPU
		{BF26886E-3AF8-4C51-BC23-C5C5BE6489C7}.Release|Any CPU.ActiveCfg = Release|Any CPU
		{BF26886E-3AF8-4C51-BC23-C5C5BE6489C7}.Release|Any CPU.Build.0 = Release|Any CPU
	EndGlobalSection
	GlobalSection(SolutionProperties) = preSolution
		HideSolutionNode = FALSE
	EndGlobalSection
	GlobalSection(ExtensibilityGlobals) = postSolution
		SolutionGuid = {745EDED8-F388-4337-A307-BB31F20D8968}
	EndGlobalSection
EndGlobal
